
Microsoft Visual Studio Solution File, Format Version 12.00
# Visual Studio Version 17
VisualStudioVersion = 17.7.34221.43
MinimumVisualStudioVersion = 10.0.40219.1
Project("{FAE04EC0-301F-11D3-BF4B-00C04F79EFBC}") = "NUnitDisplayedSelectedChecking", "NUnitDisplayedSelectedChecking\NUnitDisplayedSelectedChecking.csproj", "{CA9D2591-CA33-46E6-BB33-A1DD2AB391C9}"
EndProject
Global
	GlobalSection(SolutionConfigurationPlatforms) = preSolution
		Debug|Any CPU = Debug|Any CPU
		Release|Any CPU = Release|Any CPU
	EndGlobalSection
	GlobalSection(ProjectConfigurationPlatforms) = postSolution
		{CA9D2591-CA33-46E6-BB33-A1DD2AB391C9}.Debug|Any CPU.ActiveCfg = Debug|Any CPU
		{CA9D2591-CA33-46E6-BB33-A1DD2AB391C9}.Debug|Any CPU.Build.0 = Debug|Any CPU
		{CA9D2591-CA33-46E6-BB33-A1DD2AB391C9}.Release|Any CPU.ActiveCfg = Release|Any CPU
		{CA9D2591-CA33-46E6-BB33-A1DD2AB391C9}.Release|Any CPU.Build.0 = Release|Any CPU
	EndGlobalSection
	GlobalSection(SolutionProperties) = preSolution
		HideSolutionNode = FALSE
	EndGlobalSection
	GlobalSection(ExtensibilityGlobals) = postSolution
		SolutionGuid = {11B7CA61-02C8-451C-A4F6-0C656D00DBB3}
	EndGlobalSection
EndGlobal
