
Microsoft Visual Studio Solution File, Format Version 12.00
# Visual Studio Version 17
VisualStudioVersion = 17.7.34221.43
MinimumVisualStudioVersion = 10.0.40219.1
Project("{FAE04EC0-301F-11D3-BF4B-00C04F79EFBC}") = "SeleniumTest", "SeleniumTest\SeleniumTest.csproj", "{FBDD53F4-F351-45A1-8A00-B94E5C88DA54}"
EndProject
Global
	GlobalSection(SolutionConfigurationPlatforms) = preSolution
		Debug|Any CPU = Debug|Any CPU
		Release|Any CPU = Release|Any CPU
	EndGlobalSection
	GlobalSection(ProjectConfigurationPlatforms) = postSolution
		{FBDD53F4-F351-45A1-8A00-B94E5C88DA54}.Debug|Any CPU.ActiveCfg = Debug|Any CPU
		{FBDD53F4-F351-45A1-8A00-B94E5C88DA54}.Debug|Any CPU.Build.0 = Debug|Any CPU
		{FBDD53F4-F351-45A1-8A00-B94E5C88DA54}.Release|Any CPU.ActiveCfg = Release|Any CPU
		{FBDD53F4-F351-45A1-8A00-B94E5C88DA54}.Release|Any CPU.Build.0 = Release|Any CPU
	EndGlobalSection
	GlobalSection(SolutionProperties) = preSolution
		HideSolutionNode = FALSE
	EndGlobalSection
	GlobalSection(ExtensibilityGlobals) = postSolution
		SolutionGuid = {AAF253CC-F015-4185-A712-E74777EB6F58}
	EndGlobalSection
EndGlobal
